
Microsoft Visual Studio Solution File, Format Version 12.00
# Visual Studio Version 16
VisualStudioVersion = 16.0.31911.196
MinimumVisualStudioVersion = 10.0.40219.1
Project("{2150E333-8FDC-42A3-9474-1A3956D46DE8}") = "Lesson1", "Lesson1", "{C0D72E02-A509-4BAD-8E94-CFA01215D460}"
EndProject
Project("{FAE04EC0-301F-11D3-BF4B-00C04F79EFBC}") = "Lesson1Project1", "Lesson1Project1\Lesson1Project1.csproj", "{74F02499-EC67-4194-AC36-93D41321930C}"
EndProject
Global
	GlobalSection(SolutionConfigurationPlatforms) = preSolution
		Debug|Any CPU = Debug|Any CPU
		Release|Any CPU = Release|Any CPU
	EndGlobalSection
	GlobalSection(ProjectConfigurationPlatforms) = postSolution
		{74F02499-EC67-4194-AC36-93D41321930C}.Debug|Any CPU.ActiveCfg = Debug|Any CPU
		{74F02499-EC67-4194-AC36-93D41321930C}.Debug|Any CPU.Build.0 = Debug|Any CPU
		{74F02499-EC67-4194-AC36-93D41321930C}.Release|Any CPU.ActiveCfg = Release|Any CPU
		{74F02499-EC67-4194-AC36-93D41321930C}.Release|Any CPU.Build.0 = Release|Any CPU
	EndGlobalSection
	GlobalSection(SolutionProperties) = preSolution
		HideSolutionNode = FALSE
	EndGlobalSection
	GlobalSection(NestedProjects) = preSolution
		{74F02499-EC67-4194-AC36-93D41321930C} = {C0D72E02-A509-4BAD-8E94-CFA01215D460}
	EndGlobalSection
	GlobalSection(ExtensibilityGlobals) = postSolution
		SolutionGuid = {5BA28D16-0F32-4A8C-BAAB-373A80149CBB}
	EndGlobalSection
EndGlobal
